
Microsoft Visual Studio Solution File, Format Version 12.00
# Visual Studio 15
VisualStudioVersion = 15.0.27703.2035
MinimumVisualStudioVersion = 10.0.40219.1
Project("{888888A0-9F3D-457C-B088-3A5042F75D52}") = "Application1", "Application1\Application1.pyproj", "{A604F28C-9BF1-4D26-B25E-3D86B0940829}"
EndProject
Global
	GlobalSection(SolutionConfigurationPlatforms) = preSolution
		Debug|Any CPU = Debug|Any CPU
		Release|Any CPU = Release|Any CPU
	EndGlobalSection
	GlobalSection(ProjectConfigurationPlatforms) = postSolution
		{A604F28C-9BF1-4D26-B25E-3D86B0940829}.Debug|Any CPU.ActiveCfg = Debug|Any CPU
		{A604F28C-9BF1-4D26-B25E-3D86B0940829}.Release|Any CPU.ActiveCfg = Release|Any CPU
	EndGlobalSection
	GlobalSection(SolutionProperties) = preSolution
		HideSolutionNode = FALSE
	EndGlobalSection
	GlobalSection(ExtensibilityGlobals) = postSolution
		SolutionGuid = {7CB60B84-A065-4AA8-960C-5F50BD06086C}
	EndGlobalSection
EndGlobal
